
Microsoft Visual Studio Solution File, Format Version 12.00
# Visual Studio Version 16
VisualStudioVersion = 16.0.31105.61
MinimumVisualStudioVersion = 10.0.40219.1
Project("{FAE04EC0-301F-11D3-BF4B-00C04F79EFBC}") = "WPFTest", "WPFTest\WPFTest.csproj", "{54FC5510-4B37-4D13-968A-23309C8669CB}"
EndProject
Global
	GlobalSection(SolutionConfigurationPlatforms) = preSolution
		Debug|Any CPU = Debug|Any CPU
		Release|Any CPU = Release|Any CPU
	EndGlobalSection
	GlobalSection(ProjectConfigurationPlatforms) = postSolution
		{54FC5510-4B37-4D13-968A-23309C8669CB}.Debug|Any CPU.ActiveCfg = Debug|Any CPU
		{54FC5510-4B37-4D13-968A-23309C8669CB}.Debug|Any CPU.Build.0 = Debug|Any CPU
		{54FC5510-4B37-4D13-968A-23309C8669CB}.Release|Any CPU.ActiveCfg = Release|Any CPU
		{54FC5510-4B37-4D13-968A-23309C8669CB}.Release|Any CPU.Build.0 = Release|Any CPU
	EndGlobalSection
	GlobalSection(SolutionProperties) = preSolution
		HideSolutionNode = FALSE
	EndGlobalSection
	GlobalSection(ExtensibilityGlobals) = postSolution
		SolutionGuid = {A1A71214-2E16-4B67-9A5A-821D5ABBE012}
	EndGlobalSection
EndGlobal
